
Microsoft Visual Studio Solution File, Format Version 12.00
# Visual Studio Version 17
VisualStudioVersion = 17.0.31903.59
MinimumVisualStudioVersion = 10.0.40219.1
Project("{2150E333-8FDC-42A3-9474-1A3956D46DE8}") = "src", "src", "{B97966F1-BFDC-42C2-9F53-E5EDEB835DAC}"
EndProject
Project("{FAE04EC0-301F-11D3-BF4B-00C04F79EFBC}") = "SymbolicTrading.Memory", "src\SymbolicTrading.Memory\SymbolicTrading.Memory.csproj", "{9709B255-A913-4C32-9FF2-426024797536}"
EndProject
Project("{2150E333-8FDC-42A3-9474-1A3956D46DE8}") = "tests", "tests", "{EA1AB749-77E5-4FC4-AD32-BE42A39488BC}"
EndProject
Project("{FAE04EC0-301F-11D3-BF4B-00C04F79EFBC}") = "UnitTests", "tests\UnitTests\UnitTests.csproj", "{FF49019B-1575-4BAE-BB78-36A2B4D6636B}"
EndProject
Global
	GlobalSection(SolutionConfigurationPlatforms) = preSolution
		Debug|Any CPU = Debug|Any CPU
		Release|Any CPU = Release|Any CPU
	EndGlobalSection
	GlobalSection(SolutionProperties) = preSolution
		HideSolutionNode = FALSE
	EndGlobalSection
	GlobalSection(ProjectConfigurationPlatforms) = postSolution
		{9709B255-A913-4C32-9FF2-426024797536}.Debug|Any CPU.ActiveCfg = Debug|Any CPU
		{9709B255-A913-4C32-9FF2-426024797536}.Debug|Any CPU.Build.0 = Debug|Any CPU
		{9709B255-A913-4C32-9FF2-426024797536}.Release|Any CPU.ActiveCfg = Release|Any CPU
		{9709B255-A913-4C32-9FF2-426024797536}.Release|Any CPU.Build.0 = Release|Any CPU
		{FF49019B-1575-4BAE-BB78-36A2B4D6636B}.Debug|Any CPU.ActiveCfg = Debug|Any CPU
		{FF49019B-1575-4BAE-BB78-36A2B4D6636B}.Debug|Any CPU.Build.0 = Debug|Any CPU
		{FF49019B-1575-4BAE-BB78-36A2B4D6636B}.Release|Any CPU.ActiveCfg = Release|Any CPU
		{FF49019B-1575-4BAE-BB78-36A2B4D6636B}.Release|Any CPU.Build.0 = Release|Any CPU
	EndGlobalSection
	GlobalSection(NestedProjects) = preSolution
		{9709B255-A913-4C32-9FF2-426024797536} = {B97966F1-BFDC-42C2-9F53-E5EDEB835DAC}
		{FF49019B-1575-4BAE-BB78-36A2B4D6636B} = {EA1AB749-77E5-4FC4-AD32-BE42A39488BC}
	EndGlobalSection
EndGlobal
